// !$*UTF8*$!
{
	archiveVersion = 1;
	classes = {
	};
	objectVersion = 56;
	objects = {

/* Begin PBXBuildFile section */
		22097A802A3BBB1C0007EC10 /* ForgotPasswordViewController.swift in Sources */ = {isa = PBXBuildFile; fileRef = 22097A7F2A3BBB1C0007EC10 /* ForgotPasswordViewController.swift */; };
		22097A822A3BC01A0007EC10 /* UpdatePasswordandUsernameResponse.swift in Sources */ = {isa = PBXBuildFile; fileRef = 22097A812A3BC01A0007EC10 /* UpdatePasswordandUsernameResponse.swift */; };
		22097A852A3C6A690007EC10 /* LinkedInEmailModel.swift in Sources */ = {isa = PBXBuildFile; fileRef = 22097A842A3C6A690007EC10 /* LinkedInEmailModel.swift */; };
		22097A872A3C6A880007EC10 /* LinkedInProfileModel.swift in Sources */ = {isa = PBXBuildFile; fileRef = 22097A862A3C6A880007EC10 /* LinkedInProfileModel.swift */; };
		22097A892A3C6AB30007EC10 /* Extensions.swift in Sources */ = {isa = PBXBuildFile; fileRef = 22097A882A3C6AB30007EC10 /* Extensions.swift */; };
		22097A8D2A3C6C820007EC10 /* LinkedInConstants.swift in Sources */ = {isa = PBXBuildFile; fileRef = 22097A8C2A3C6C820007EC10 /* LinkedInConstants.swift */; };
		22097A8F2A3C6C9C0007EC10 /* LinkedInButton.swift in Sources */ = {isa = PBXBuildFile; fileRef = 22097A8E2A3C6C9C0007EC10 /* LinkedInButton.swift */; };
		220F0B5A2A389474004E214C /* FollowingCompaniesListViewController.swift in Sources */ = {isa = PBXBuildFile; fileRef = 220F0B592A389474004E214C /* FollowingCompaniesListViewController.swift */; };
		220F0B5C2A389904004E214C /* FollowingUsersListViewController.swift in Sources */ = {isa = PBXBuildFile; fileRef = 220F0B5B2A389904004E214C /* FollowingUsersListViewController.swift */; };
		220F0B5E2A389B95004E214C /* FollowingMembersListViewController.swift in Sources */ = {isa = PBXBuildFile; fileRef = 220F0B5D2A389B95004E214C /* FollowingMembersListViewController.swift */; };
		220F0B602A38A49C004E214C /* FollowedMembersListViewController.swift in Sources */ = {isa = PBXBuildFile; fileRef = 220F0B5F2A38A49C004E214C /* FollowedMembersListViewController.swift */; };
		220F0B622A390BFE004E214C /* FollowedMemberViewController.swift in Sources */ = {isa = PBXBuildFile; fileRef = 220F0B612A390BFD004E214C /* FollowedMemberViewController.swift */; };
		220F0B642A390C0C004E214C /* FollowingMemberViewController.swift in Sources */ = {isa = PBXBuildFile; fileRef = 220F0B632A390C0C004E214C /* FollowingMemberViewController.swift */; };
		220F0B662A390C21004E214C /* FollowingCompanyViewController.swift in Sources */ = {isa = PBXBuildFile; fileRef = 220F0B652A390C21004E214C /* FollowingCompanyViewController.swift */; };
		220F0B682A390C36004E214C /* FollowingUserViewController.swift in Sources */ = {isa = PBXBuildFile; fileRef = 220F0B672A390C36004E214C /* FollowingUserViewController.swift */; };
		220F0B6C2A3926DB004E214C /* SettingsViewController.swift in Sources */ = {isa = PBXBuildFile; fileRef = 220F0B6B2A3926DB004E214C /* SettingsViewController.swift */; };
		220F0B722A39A97A004E214C /* UpdateUsernameViewController.swift in Sources */ = {isa = PBXBuildFile; fileRef = 220F0B712A39A97A004E214C /* UpdateUsernameViewController.swift */; };
		220F0B762A39A996004E214C /* UpdatePasswordViewController.swift in Sources */ = {isa = PBXBuildFile; fileRef = 220F0B752A39A996004E214C /* UpdatePasswordViewController.swift */; };
		2210F4BC2A30878300492B41 /* CompanyFilterViewController.swift in Sources */ = {isa = PBXBuildFile; fileRef = 2210F4BB2A30878300492B41 /* CompanyFilterViewController.swift */; };
		2211F7222A41C3350047103F /* ConnectAccountResponse.swift in Sources */ = {isa = PBXBuildFile; fileRef = 2211F7212A41C3350047103F /* ConnectAccountResponse.swift */; };
		2211F7262A4244B20047103F /* CreateExperiencePage.swift in Sources */ = {isa = PBXBuildFile; fileRef = 2211F7252A4244B20047103F /* CreateExperiencePage.swift */; };
		2211F7282A425C830047103F /* ResponseModel.swift in Sources */ = {isa = PBXBuildFile; fileRef = 2211F7272A425C830047103F /* ResponseModel.swift */; };
		221D6EEF2A4577E200A205B2 /* CompanyExperienceCountResponseModel.swift in Sources */ = {isa = PBXBuildFile; fileRef = 221D6EEE2A4577E200A205B2 /* CompanyExperienceCountResponseModel.swift */; };
		22262B1C2A27423700B7DBCF /* Experience.swift in Sources */ = {isa = PBXBuildFile; fileRef = 22262B1B2A27423700B7DBCF /* Experience.swift */; };
		22262B1F2A27481600B7DBCF /* SubExperience.swift in Sources */ = {isa = PBXBuildFile; fileRef = 22262B1E2A27481600B7DBCF /* SubExperience.swift */; };
		22262B212A27491300B7DBCF /* Education.swift in Sources */ = {isa = PBXBuildFile; fileRef = 22262B202A27491300B7DBCF /* Education.swift */; };
		22262B232A27491F00B7DBCF /* Course.swift in Sources */ = {isa = PBXBuildFile; fileRef = 22262B222A27491F00B7DBCF /* Course.swift */; };
		22262B252A276D4200B7DBCF /* Language.swift in Sources */ = {isa = PBXBuildFile; fileRef = 22262B242A276D4200B7DBCF /* Language.swift */; };
		22262B292A2793F500B7DBCF /* CompanyListViewController.swift in Sources */ = {isa = PBXBuildFile; fileRef = 22262B282A2793F500B7DBCF /* CompanyListViewController.swift */; };
		22262B2B2A27943800B7DBCF /* CompanyListViewController+Action.swift in Sources */ = {isa = PBXBuildFile; fileRef = 22262B2A2A27943800B7DBCF /* CompanyListViewController+Action.swift */; };
		22262B2D2A27947000B7DBCF /* Company.swift in Sources */ = {isa = PBXBuildFile; fileRef = 22262B2C2A27947000B7DBCF /* Company.swift */; };
		22758A882A20EC000028DD17 /* APIRequest.swift in Sources */ = {isa = PBXBuildFile; fileRef = 22758A872A20EC000028DD17 /* APIRequest.swift */; };
		22973E472A34B1BE00BBFB5F /* Favourite.swift in Sources */ = {isa = PBXBuildFile; fileRef = 22973E462A34B1BE00BBFB5F /* Favourite.swift */; };
		229E0FD92A4532C1005CB180 /* CompanyExperienceCountResponseModel.swift in Sources */ = {isa = PBXBuildFile; fileRef = 229E0FD82A4532C1005CB180 /* CompanyExperienceCountResponseModel.swift */; };
		22BF6E192A2A199200D766E2 /* Member.swift in Sources */ = {isa = PBXBuildFile; fileRef = 22BF6E182A2A199200D766E2 /* Member.swift */; };
		22BF6E1B2A2A9CAE00D766E2 /* TabBarViewController.swift in Sources */ = {isa = PBXBuildFile; fileRef = 22BF6E1A2A2A9CAE00D766E2 /* TabBarViewController.swift */; };
		22BF6E1E2A2B1FE100D766E2 /* SkillListViewController.swift in Sources */ = {isa = PBXBuildFile; fileRef = 22BF6E1D2A2B1FE100D766E2 /* SkillListViewController.swift */; };
		22EF2BD92A2BE2170078CE12 /* ExperienceListViewController.swift in Sources */ = {isa = PBXBuildFile; fileRef = 22EF2BD82A2BE2170078CE12 /* ExperienceListViewController.swift */; };
		22EF2BDB2A2BE2250078CE12 /* EducationListViewController.swift in Sources */ = {isa = PBXBuildFile; fileRef = 22EF2BDA2A2BE2250078CE12 /* EducationListViewController.swift */; };
		22EF2BDD2A2BE23A0078CE12 /* CourseListViewController.swift in Sources */ = {isa = PBXBuildFile; fileRef = 22EF2BDC2A2BE23A0078CE12 /* CourseListViewController.swift */; };
		22EF2BDF2A2BE2460078CE12 /* LanguageListViewController.swift in Sources */ = {isa = PBXBuildFile; fileRef = 22EF2BDE2A2BE2460078CE12 /* LanguageListViewController.swift */; };
		AAD0598828EC8D10004F4962 /* AppDelegate.swift in Sources */ = {isa = PBXBuildFile; fileRef = AAD0598728EC8D10004F4962 /* AppDelegate.swift */; };
		AAD0598A28EC8D10004F4962 /* SceneDelegate.swift in Sources */ = {isa = PBXBuildFile; fileRef = AAD0598928EC8D10004F4962 /* SceneDelegate.swift */; };
		AAD0598C28EC8D10004F4962 /* UserListViewController.swift in Sources */ = {isa = PBXBuildFile; fileRef = AAD0598B28EC8D10004F4962 /* UserListViewController.swift */; };
		AAD0598F28EC8D10004F4962 /* Main.storyboard in Resources */ = {isa = PBXBuildFile; fileRef = AAD0598D28EC8D10004F4962 /* Main.storyboard */; };
		AAD0599128EC8D12004F4962 /* Assets.xcassets in Resources */ = {isa = PBXBuildFile; fileRef = AAD0599028EC8D12004F4962 /* Assets.xcassets */; };
		AAD0599428EC8D12004F4962 /* LaunchScreen.storyboard in Resources */ = {isa = PBXBuildFile; fileRef = AAD0599228EC8D12004F4962 /* LaunchScreen.storyboard */; };
		AAD059C128EC9770004F4962 /* SampleCode.xcconfig in Resources */ = {isa = PBXBuildFile; fileRef = AAD059C028EC9768004F4962 /* SampleCode.xcconfig */; };
		AAD059C428ECC017004F4962 /* User.swift in Sources */ = {isa = PBXBuildFile; fileRef = AAD059C328ECC017004F4962 /* User.swift */; };
		DB27A821299BCB91004219B3 /* Skill.swift in Sources */ = {isa = PBXBuildFile; fileRef = DB27A820299BCB91004219B3 /* Skill.swift */; };
		DB3111C5299649D20058A3A9 /* UserViewController.swift in Sources */ = {isa = PBXBuildFile; fileRef = DB3111C4299649D20058A3A9 /* UserViewController.swift */; };
		DB3111C8299652990058A3A9 /* UserViewController+Row.swift in Sources */ = {isa = PBXBuildFile; fileRef = DB3111C7299652990058A3A9 /* UserViewController+Row.swift */; };
		DB3111CD2996AC810058A3A9 /* Extension.swift in Sources */ = {isa = PBXBuildFile; fileRef = DB3111CC2996AC810058A3A9 /* Extension.swift */; };
		DBCECF9F29B37399009373FE /* CompanyViewController.swift in Sources */ = {isa = PBXBuildFile; fileRef = DBCECF9E29B37399009373FE /* CompanyViewController.swift */; };
		DBE888D029B2B68700E5B6F9 /* UserFilterViewController.swift in Sources */ = {isa = PBXBuildFile; fileRef = DBE888CF29B2B68700E5B6F9 /* UserFilterViewController.swift */; };
		DBE888D329B2B7E900E5B6F9 /* UserListViewController+Action.swift in Sources */ = {isa = PBXBuildFile; fileRef = DBE888D229B2B7E900E5B6F9 /* UserListViewController+Action.swift */; };
		E92924472A30A3E700049820 /* MemberListViewController.swift in Sources */ = {isa = PBXBuildFile; fileRef = E92924462A30A3E700049820 /* MemberListViewController.swift */; };
		E929244B2A30A42300049820 /* MemberViewController.swift in Sources */ = {isa = PBXBuildFile; fileRef = E929244A2A30A42300049820 /* MemberViewController.swift */; };
		E929244D2A30A43800049820 /* MemberViewController+Row.swift in Sources */ = {isa = PBXBuildFile; fileRef = E929244C2A30A43800049820 /* MemberViewController+Row.swift */; };
		E92924512A30A48400049820 /* MemberListViewController+Action.swift in Sources */ = {isa = PBXBuildFile; fileRef = E92924502A30A48400049820 /* MemberListViewController+Action.swift */; };
		E92924532A30D9F000049820 /* MemberFilterViewController.swift in Sources */ = {isa = PBXBuildFile; fileRef = E92924522A30D9F000049820 /* MemberFilterViewController.swift */; };
		E92924552A31F2C900049820 /* ProfileViewController.swift in Sources */ = {isa = PBXBuildFile; fileRef = E92924542A31F2C900049820 /* ProfileViewController.swift */; };
		E92924572A31FDF100049820 /* CompanyViewController+Row.swift in Sources */ = {isa = PBXBuildFile; fileRef = E92924562A31FDF100049820 /* CompanyViewController+Row.swift */; };
		E94E1FE429C8B40100C58B18 /* Login.swift in Sources */ = {isa = PBXBuildFile; fileRef = E94E1FE329C8B40100C58B18 /* Login.swift */; };
		E94E1FE629C9F9B500C58B18 /* CustomTextField.swift in Sources */ = {isa = PBXBuildFile; fileRef = E94E1FE529C9F9B500C58B18 /* CustomTextField.swift */; };
		E94E1FE829CA011100C58B18 /* CustomButton.swift in Sources */ = {isa = PBXBuildFile; fileRef = E94E1FE729CA011100C58B18 /* CustomButton.swift */; };
		E94E1FEA29CA0A1200C58B18 /* AuthHeaderView.swift in Sources */ = {isa = PBXBuildFile; fileRef = E94E1FE929CA0A1200C58B18 /* AuthHeaderView.swift */; };
		E94E1FEC29CB3EC400C58B18 /* Register.swift in Sources */ = {isa = PBXBuildFile; fileRef = E94E1FEB29CB3EC400C58B18 /* Register.swift */; };
		E94E1FF429CB4D8F00C58B18 /* WebViewerController.swift in Sources */ = {isa = PBXBuildFile; fileRef = E94E1FF329CB4D1300C58B18 /* WebViewerController.swift */; };
/* End PBXBuildFile section */

/* Begin PBXFileReference section */
		22097A7F2A3BBB1C0007EC10 /* ForgotPasswordViewController.swift */ = {isa = PBXFileReference; lastKnownFileType = sourcecode.swift; path = ForgotPasswordViewController.swift; sourceTree = "<group>"; };
		22097A812A3BC01A0007EC10 /* UpdatePasswordandUsernameResponse.swift */ = {isa = PBXFileReference; lastKnownFileType = sourcecode.swift; path = UpdatePasswordandUsernameResponse.swift; sourceTree = "<group>"; };
		22097A842A3C6A690007EC10 /* LinkedInEmailModel.swift */ = {isa = PBXFileReference; lastKnownFileType = sourcecode.swift; path = LinkedInEmailModel.swift; sourceTree = "<group>"; };
		22097A862A3C6A880007EC10 /* LinkedInProfileModel.swift */ = {isa = PBXFileReference; lastKnownFileType = sourcecode.swift; path = LinkedInProfileModel.swift; sourceTree = "<group>"; };
		22097A882A3C6AB30007EC10 /* Extensions.swift */ = {isa = PBXFileReference; lastKnownFileType = sourcecode.swift; path = Extensions.swift; sourceTree = "<group>"; };
		22097A8C2A3C6C820007EC10 /* LinkedInConstants.swift */ = {isa = PBXFileReference; lastKnownFileType = sourcecode.swift; path = LinkedInConstants.swift; sourceTree = "<group>"; };
		22097A8E2A3C6C9C0007EC10 /* LinkedInButton.swift */ = {isa = PBXFileReference; lastKnownFileType = sourcecode.swift; path = LinkedInButton.swift; sourceTree = "<group>"; };
		220F0B592A389474004E214C /* FollowingCompaniesListViewController.swift */ = {isa = PBXFileReference; lastKnownFileType = sourcecode.swift; path = FollowingCompaniesListViewController.swift; sourceTree = "<group>"; };
		220F0B5B2A389904004E214C /* FollowingUsersListViewController.swift */ = {isa = PBXFileReference; lastKnownFileType = sourcecode.swift; path = FollowingUsersListViewController.swift; sourceTree = "<group>"; };
		220F0B5D2A389B95004E214C /* FollowingMembersListViewController.swift */ = {isa = PBXFileReference; lastKnownFileType = sourcecode.swift; path = FollowingMembersListViewController.swift; sourceTree = "<group>"; };
		220F0B5F2A38A49C004E214C /* FollowedMembersListViewController.swift */ = {isa = PBXFileReference; lastKnownFileType = sourcecode.swift; path = FollowedMembersListViewController.swift; sourceTree = "<group>"; };
		220F0B612A390BFD004E214C /* FollowedMemberViewController.swift */ = {isa = PBXFileReference; lastKnownFileType = sourcecode.swift; path = FollowedMemberViewController.swift; sourceTree = "<group>"; };
		220F0B632A390C0C004E214C /* FollowingMemberViewController.swift */ = {isa = PBXFileReference; lastKnownFileType = sourcecode.swift; path = FollowingMemberViewController.swift; sourceTree = "<group>"; };
		220F0B652A390C21004E214C /* FollowingCompanyViewController.swift */ = {isa = PBXFileReference; lastKnownFileType = sourcecode.swift; path = FollowingCompanyViewController.swift; sourceTree = "<group>"; };
		220F0B672A390C36004E214C /* FollowingUserViewController.swift */ = {isa = PBXFileReference; lastKnownFileType = sourcecode.swift; path = FollowingUserViewController.swift; sourceTree = "<group>"; };
		220F0B6B2A3926DB004E214C /* SettingsViewController.swift */ = {isa = PBXFileReference; lastKnownFileType = sourcecode.swift; path = SettingsViewController.swift; sourceTree = "<group>"; };
		220F0B712A39A97A004E214C /* UpdateUsernameViewController.swift */ = {isa = PBXFileReference; lastKnownFileType = sourcecode.swift; path = UpdateUsernameViewController.swift; sourceTree = "<group>"; };
		220F0B752A39A996004E214C /* UpdatePasswordViewController.swift */ = {isa = PBXFileReference; lastKnownFileType = sourcecode.swift; path = UpdatePasswordViewController.swift; sourceTree = "<group>"; };
		2210F4BB2A30878300492B41 /* CompanyFilterViewController.swift */ = {isa = PBXFileReference; lastKnownFileType = sourcecode.swift; path = CompanyFilterViewController.swift; sourceTree = "<group>"; };
		2211F7212A41C3350047103F /* ConnectAccountResponse.swift */ = {isa = PBXFileReference; lastKnownFileType = sourcecode.swift; path = ConnectAccountResponse.swift; sourceTree = "<group>"; };
		2211F7252A4244B20047103F /* CreateExperiencePage.swift */ = {isa = PBXFileReference; lastKnownFileType = sourcecode.swift; path = CreateExperiencePage.swift; sourceTree = "<group>"; };
		2211F7272A425C830047103F /* ResponseModel.swift */ = {isa = PBXFileReference; lastKnownFileType = sourcecode.swift; path = ResponseModel.swift; sourceTree = "<group>"; };
		221D6EEE2A4577E200A205B2 /* CompanyExperienceCountResponseModel.swift */ = {isa = PBXFileReference; lastKnownFileType = sourcecode.swift; path = CompanyExperienceCountResponseModel.swift; sourceTree = "<group>"; };
		22262B1B2A27423700B7DBCF /* Experience.swift */ = {isa = PBXFileReference; lastKnownFileType = sourcecode.swift; path = Experience.swift; sourceTree = "<group>"; };
		22262B1E2A27481600B7DBCF /* SubExperience.swift */ = {isa = PBXFileReference; lastKnownFileType = sourcecode.swift; path = SubExperience.swift; sourceTree = "<group>"; };
		22262B202A27491300B7DBCF /* Education.swift */ = {isa = PBXFileReference; lastKnownFileType = sourcecode.swift; path = Education.swift; sourceTree = "<group>"; };
		22262B222A27491F00B7DBCF /* Course.swift */ = {isa = PBXFileReference; lastKnownFileType = sourcecode.swift; path = Course.swift; sourceTree = "<group>"; };
		22262B242A276D4200B7DBCF /* Language.swift */ = {isa = PBXFileReference; lastKnownFileType = sourcecode.swift; path = Language.swift; sourceTree = "<group>"; };
		22262B282A2793F500B7DBCF /* CompanyListViewController.swift */ = {isa = PBXFileReference; lastKnownFileType = sourcecode.swift; path = CompanyListViewController.swift; sourceTree = "<group>"; };
		22262B2A2A27943800B7DBCF /* CompanyListViewController+Action.swift */ = {isa = PBXFileReference; lastKnownFileType = sourcecode.swift; path = "CompanyListViewController+Action.swift"; sourceTree = "<group>"; };
		22262B2C2A27947000B7DBCF /* Company.swift */ = {isa = PBXFileReference; lastKnownFileType = sourcecode.swift; path = Company.swift; sourceTree = "<group>"; };
		22758A872A20EC000028DD17 /* APIRequest.swift */ = {isa = PBXFileReference; lastKnownFileType = sourcecode.swift; path = APIRequest.swift; sourceTree = "<group>"; };
		22973E462A34B1BE00BBFB5F /* Favourite.swift */ = {isa = PBXFileReference; lastKnownFileType = sourcecode.swift; path = Favourite.swift; sourceTree = "<group>"; };
		229E0FD82A4532C1005CB180 /* CompanyExperienceCountResponseModel.swift */ = {isa = PBXFileReference; lastKnownFileType = sourcecode.swift; path = CompanyExperienceCountResponseModel.swift; sourceTree = "<group>"; };
		22BF6E182A2A199200D766E2 /* Member.swift */ = {isa = PBXFileReference; lastKnownFileType = sourcecode.swift; path = Member.swift; sourceTree = "<group>"; };
		22BF6E1A2A2A9CAE00D766E2 /* TabBarViewController.swift */ = {isa = PBXFileReference; lastKnownFileType = sourcecode.swift; path = TabBarViewController.swift; sourceTree = "<group>"; };
		22BF6E1D2A2B1FE100D766E2 /* SkillListViewController.swift */ = {isa = PBXFileReference; lastKnownFileType = sourcecode.swift; path = SkillListViewController.swift; sourceTree = "<group>"; };
		22EF2BD82A2BE2170078CE12 /* ExperienceListViewController.swift */ = {isa = PBXFileReference; lastKnownFileType = sourcecode.swift; path = ExperienceListViewController.swift; sourceTree = "<group>"; };
		22EF2BDA2A2BE2250078CE12 /* EducationListViewController.swift */ = {isa = PBXFileReference; lastKnownFileType = sourcecode.swift; path = EducationListViewController.swift; sourceTree = "<group>"; };
		22EF2BDC2A2BE23A0078CE12 /* CourseListViewController.swift */ = {isa = PBXFileReference; lastKnownFileType = sourcecode.swift; path = CourseListViewController.swift; sourceTree = "<group>"; };
		22EF2BDE2A2BE2460078CE12 /* LanguageListViewController.swift */ = {isa = PBXFileReference; lastKnownFileType = sourcecode.swift; path = LanguageListViewController.swift; sourceTree = "<group>"; };
		AAD0598428EC8D10004F4962 /* Today.app */ = {isa = PBXFileReference; explicitFileType = wrapper.application; includeInIndex = 0; path = Today.app; sourceTree = BUILT_PRODUCTS_DIR; };
		AAD0598728EC8D10004F4962 /* AppDelegate.swift */ = {isa = PBXFileReference; lastKnownFileType = sourcecode.swift; path = AppDelegate.swift; sourceTree = "<group>"; };
		AAD0598928EC8D10004F4962 /* SceneDelegate.swift */ = {isa = PBXFileReference; lastKnownFileType = sourcecode.swift; path = SceneDelegate.swift; sourceTree = "<group>"; };
		AAD0598B28EC8D10004F4962 /* UserListViewController.swift */ = {isa = PBXFileReference; lastKnownFileType = sourcecode.swift; path = UserListViewController.swift; sourceTree = "<group>"; };
		AAD0598E28EC8D10004F4962 /* Base */ = {isa = PBXFileReference; lastKnownFileType = file.storyboard; name = Base; path = Base.lproj/Main.storyboard; sourceTree = "<group>"; };
		AAD0599028EC8D12004F4962 /* Assets.xcassets */ = {isa = PBXFileReference; lastKnownFileType = folder.assetcatalog; path = Assets.xcassets; sourceTree = "<group>"; };
		AAD0599328EC8D12004F4962 /* Base */ = {isa = PBXFileReference; lastKnownFileType = file.storyboard; name = Base; path = Base.lproj/LaunchScreen.storyboard; sourceTree = "<group>"; };
		AAD0599528EC8D12004F4962 /* Info.plist */ = {isa = PBXFileReference; lastKnownFileType = text.plist.xml; path = Info.plist; sourceTree = "<group>"; };
		AAD059B728EC8F0F004F4962 /* README.md */ = {isa = PBXFileReference; lastKnownFileType = net.daringfireball.markdown; path = README.md; sourceTree = "<group>"; };
		AAD059B828EC91FD004F4962 /* LICENSE */ = {isa = PBXFileReference; lastKnownFileType = folder; path = LICENSE; sourceTree = "<group>"; };
		AAD059C028EC9768004F4962 /* SampleCode.xcconfig */ = {isa = PBXFileReference; lastKnownFileType = text.xcconfig; path = SampleCode.xcconfig; sourceTree = "<group>"; };
		AAD059C328ECC017004F4962 /* User.swift */ = {isa = PBXFileReference; lastKnownFileType = sourcecode.swift; path = User.swift; sourceTree = "<group>"; };
		DB27A820299BCB91004219B3 /* Skill.swift */ = {isa = PBXFileReference; lastKnownFileType = sourcecode.swift; path = Skill.swift; sourceTree = "<group>"; };
		DB3111C4299649D20058A3A9 /* UserViewController.swift */ = {isa = PBXFileReference; lastKnownFileType = sourcecode.swift; path = UserViewController.swift; sourceTree = "<group>"; };
		DB3111C7299652990058A3A9 /* UserViewController+Row.swift */ = {isa = PBXFileReference; lastKnownFileType = sourcecode.swift; path = "UserViewController+Row.swift"; sourceTree = "<group>"; };
		DB3111CC2996AC810058A3A9 /* Extension.swift */ = {isa = PBXFileReference; lastKnownFileType = sourcecode.swift; path = Extension.swift; sourceTree = "<group>"; };
		DBCECF9E29B37399009373FE /* CompanyViewController.swift */ = {isa = PBXFileReference; lastKnownFileType = sourcecode.swift; path = CompanyViewController.swift; sourceTree = "<group>"; };
		DBE888CF29B2B68700E5B6F9 /* UserFilterViewController.swift */ = {isa = PBXFileReference; lastKnownFileType = sourcecode.swift; path = UserFilterViewController.swift; sourceTree = "<group>"; };
		DBE888D229B2B7E900E5B6F9 /* UserListViewController+Action.swift */ = {isa = PBXFileReference; lastKnownFileType = sourcecode.swift; path = "UserListViewController+Action.swift"; sourceTree = "<group>"; };
		DBF3340829B658270028CC73 /* todo.md */ = {isa = PBXFileReference; lastKnownFileType = net.daringfireball.markdown; path = todo.md; sourceTree = "<group>"; };
		E92924462A30A3E700049820 /* MemberListViewController.swift */ = {isa = PBXFileReference; lastKnownFileType = sourcecode.swift; path = MemberListViewController.swift; sourceTree = "<group>"; };
		E929244A2A30A42300049820 /* MemberViewController.swift */ = {isa = PBXFileReference; lastKnownFileType = sourcecode.swift; path = MemberViewController.swift; sourceTree = "<group>"; };
		E929244C2A30A43800049820 /* MemberViewController+Row.swift */ = {isa = PBXFileReference; lastKnownFileType = sourcecode.swift; path = "MemberViewController+Row.swift"; sourceTree = "<group>"; };
		E92924502A30A48400049820 /* MemberListViewController+Action.swift */ = {isa = PBXFileReference; lastKnownFileType = sourcecode.swift; path = "MemberListViewController+Action.swift"; sourceTree = "<group>"; };
		E92924522A30D9F000049820 /* MemberFilterViewController.swift */ = {isa = PBXFileReference; lastKnownFileType = sourcecode.swift; path = MemberFilterViewController.swift; sourceTree = "<group>"; };
		E92924542A31F2C900049820 /* ProfileViewController.swift */ = {isa = PBXFileReference; lastKnownFileType = sourcecode.swift; path = ProfileViewController.swift; sourceTree = "<group>"; };
		E92924562A31FDF100049820 /* CompanyViewController+Row.swift */ = {isa = PBXFileReference; lastKnownFileType = sourcecode.swift; path = "CompanyViewController+Row.swift"; sourceTree = "<group>"; };
		E94E1FE329C8B40100C58B18 /* Login.swift */ = {isa = PBXFileReference; lastKnownFileType = sourcecode.swift; path = Login.swift; sourceTree = "<group>"; };
		E94E1FE529C9F9B500C58B18 /* CustomTextField.swift */ = {isa = PBXFileReference; lastKnownFileType = sourcecode.swift; path = CustomTextField.swift; sourceTree = "<group>"; };
		E94E1FE729CA011100C58B18 /* CustomButton.swift */ = {isa = PBXFileReference; lastKnownFileType = sourcecode.swift; path = CustomButton.swift; sourceTree = "<group>"; };
		E94E1FE929CA0A1200C58B18 /* AuthHeaderView.swift */ = {isa = PBXFileReference; lastKnownFileType = sourcecode.swift; path = AuthHeaderView.swift; sourceTree = "<group>"; };
		E94E1FEB29CB3EC400C58B18 /* Register.swift */ = {isa = PBXFileReference; lastKnownFileType = sourcecode.swift; path = Register.swift; sourceTree = "<group>"; };
		E94E1FF329CB4D1300C58B18 /* WebViewerController.swift */ = {isa = PBXFileReference; lastKnownFileType = sourcecode.swift; path = WebViewerController.swift; sourceTree = "<group>"; };
/* End PBXFileReference section */

/* Begin PBXFrameworksBuildPhase section */
		AAD0598128EC8D10004F4962 /* Frameworks */ = {
			isa = PBXFrameworksBuildPhase;
			buildActionMask = 2147483647;
			files = (
			);
			runOnlyForDeploymentPostprocessing = 0;
		};
/* End PBXFrameworksBuildPhase section */

/* Begin PBXGroup section */
		220F0B542A389404004E214C /* Profile */ = {
			isa = PBXGroup;
			children = (
				220F0B582A389442004E214C /* FollowedMembers */,
				220F0B572A389437004E214C /* FollowingMembers */,
				220F0B562A38942D004E214C /* FollowingCompanies */,
				220F0B552A38940D004E214C /* FollowingUsers */,
			);
			path = Profile;
			sourceTree = "<group>";
		};
		220F0B552A38940D004E214C /* FollowingUsers */ = {
			isa = PBXGroup;
			children = (
				220F0B5B2A389904004E214C /* FollowingUsersListViewController.swift */,
				220F0B672A390C36004E214C /* FollowingUserViewController.swift */,
			);
			path = FollowingUsers;
			sourceTree = "<group>";
		};
		220F0B562A38942D004E214C /* FollowingCompanies */ = {
			isa = PBXGroup;
			children = (
				220F0B592A389474004E214C /* FollowingCompaniesListViewController.swift */,
				220F0B652A390C21004E214C /* FollowingCompanyViewController.swift */,
			);
			path = FollowingCompanies;
			sourceTree = "<group>";
		};
		220F0B572A389437004E214C /* FollowingMembers */ = {
			isa = PBXGroup;
			children = (
				220F0B5D2A389B95004E214C /* FollowingMembersListViewController.swift */,
				220F0B632A390C0C004E214C /* FollowingMemberViewController.swift */,
			);
			path = FollowingMembers;
			sourceTree = "<group>";
		};
		220F0B582A389442004E214C /* FollowedMembers */ = {
			isa = PBXGroup;
			children = (
				220F0B5F2A38A49C004E214C /* FollowedMembersListViewController.swift */,
				220F0B612A390BFD004E214C /* FollowedMemberViewController.swift */,
			);
			path = FollowedMembers;
			sourceTree = "<group>";
		};
		220F0B6D2A39A93A004E214C /* Settings */ = {
			isa = PBXGroup;
			children = (
				220F0B702A39A961004E214C /* UpdateUsername */,
				220F0B6E2A39A94B004E214C /* UpdatePassword */,
				220F0B6B2A3926DB004E214C /* SettingsViewController.swift */,
			);
			path = Settings;
			sourceTree = "<group>";
		};
		220F0B6E2A39A94B004E214C /* UpdatePassword */ = {
			isa = PBXGroup;
			children = (
				220F0B752A39A996004E214C /* UpdatePasswordViewController.swift */,
			);
			path = UpdatePassword;
			sourceTree = "<group>";
		};
		220F0B702A39A961004E214C /* UpdateUsername */ = {
			isa = PBXGroup;
			children = (
				220F0B712A39A97A004E214C /* UpdateUsernameViewController.swift */,
			);
			path = UpdateUsername;
			sourceTree = "<group>";
		};
		22262B262A2793C600B7DBCF /* CompanyListViewController */ = {
			isa = PBXGroup;
			children = (
				22262B282A2793F500B7DBCF /* CompanyListViewController.swift */,
				22262B2A2A27943800B7DBCF /* CompanyListViewController+Action.swift */,
			);
			path = CompanyListViewController;
			sourceTree = "<group>";
		};
		22262B272A2793D900B7DBCF /* CompanyDetailViewController */ = {
			isa = PBXGroup;
			children = (
				DBCECF9E29B37399009373FE /* CompanyViewController.swift */,
				E92924562A31FDF100049820 /* CompanyViewController+Row.swift */,
			);
			path = CompanyDetailViewController;
			sourceTree = "<group>";
		};
		22758A862A20EBCF0028DD17 /* Helper */ = {
			isa = PBXGroup;
			children = (
				22758A872A20EC000028DD17 /* APIRequest.swift */,
				22097A882A3C6AB30007EC10 /* Extensions.swift */,
				22097A8C2A3C6C820007EC10 /* LinkedInConstants.swift */,
			);
			path = Helper;
			sourceTree = "<group>";
		};
		22BF6E1C2A2B1FAC00D766E2 /* UserAbilityListViewControllers */ = {
			isa = PBXGroup;
			children = (
				22BF6E1D2A2B1FE100D766E2 /* SkillListViewController.swift */,
				22EF2BD82A2BE2170078CE12 /* ExperienceListViewController.swift */,
				22EF2BDA2A2BE2250078CE12 /* EducationListViewController.swift */,
				22EF2BDC2A2BE23A0078CE12 /* CourseListViewController.swift */,
				22EF2BDE2A2BE2460078CE12 /* LanguageListViewController.swift */,
			);
			path = UserAbilityListViewControllers;
			sourceTree = "<group>";
		};
		AAD0597B28EC8D10004F4962 = {
			isa = PBXGroup;
			children = (
				AAD059B728EC8F0F004F4962 /* README.md */,
				AAD0598628EC8D10004F4962 /* Today */,
				AAD059BF28EC9768004F4962 /* Configuration */,
				AAD059B828EC91FD004F4962 /* LICENSE */,
				AAD0598528EC8D10004F4962 /* Products */,
			);
			sourceTree = "<group>";
		};
		AAD0598528EC8D10004F4962 /* Products */ = {
			isa = PBXGroup;
			children = (
				AAD0598428EC8D10004F4962 /* Today.app */,
			);
			name = Products;
			sourceTree = "<group>";
		};
		AAD0598628EC8D10004F4962 /* Today */ = {
			isa = PBXGroup;
			children = (
				E94E1FEF29CB4C7500C58B18 /* Controller */,
				AAD059C228ECBFAA004F4962 /* Model */,
				E94E1FF129CB4CC200C58B18 /* View */,
				22758A862A20EBCF0028DD17 /* Helper */,
				AAD0598728EC8D10004F4962 /* AppDelegate.swift */,
				DB3111CC2996AC810058A3A9 /* Extension.swift */,
				AAD0598928EC8D10004F4962 /* SceneDelegate.swift */,
				E94E1FF329CB4D1300C58B18 /* WebViewerController.swift */,
				AAD0598D28EC8D10004F4962 /* Main.storyboard */,
				AAD0599228EC8D12004F4962 /* LaunchScreen.storyboard */,
				AAD0599028EC8D12004F4962 /* Assets.xcassets */,
				AAD0599528EC8D12004F4962 /* Info.plist */,
				DBF3340829B658270028CC73 /* todo.md */,
			);
			path = Today;
			sourceTree = "<group>";
		};
		AAD059BF28EC9768004F4962 /* Configuration */ = {
			isa = PBXGroup;
			children = (
				AAD059C028EC9768004F4962 /* SampleCode.xcconfig */,
			);
			path = Configuration;
			sourceTree = "<group>";
		};
		AAD059C228ECBFAA004F4962 /* Model */ = {
			isa = PBXGroup;
			children = (
				AAD059C328ECC017004F4962 /* User.swift */,
				DB27A820299BCB91004219B3 /* Skill.swift */,
				22262B1B2A27423700B7DBCF /* Experience.swift */,
				22262B1E2A27481600B7DBCF /* SubExperience.swift */,
				22262B202A27491300B7DBCF /* Education.swift */,
				22262B222A27491F00B7DBCF /* Course.swift */,
				22262B242A276D4200B7DBCF /* Language.swift */,
				22262B2C2A27947000B7DBCF /* Company.swift */,
				22BF6E182A2A199200D766E2 /* Member.swift */,
				22973E462A34B1BE00BBFB5F /* Favourite.swift */,
				22097A812A3BC01A0007EC10 /* UpdatePasswordandUsernameResponse.swift */,
				22097A842A3C6A690007EC10 /* LinkedInEmailModel.swift */,
				22097A862A3C6A880007EC10 /* LinkedInProfileModel.swift */,
				2211F7212A41C3350047103F /* ConnectAccountResponse.swift */,
				2211F7272A425C830047103F /* ResponseModel.swift */,
				221D6EEE2A4577E200A205B2 /* CompanyExperienceCountResponseModel.swift */,

			);
			path = Model;
			sourceTree = "<group>";
		};
		DB3111C6299649D90058A3A9 /* UserDetailViewController */ = {
			isa = PBXGroup;
			children = (
				DB3111C4299649D20058A3A9 /* UserViewController.swift */,
				DB3111C7299652990058A3A9 /* UserViewController+Row.swift */,
			);
			path = UserDetailViewController;
			sourceTree = "<group>";
		};
		DB3111C9299653FE0058A3A9 /* UserListViewController */ = {
			isa = PBXGroup;
			children = (
				AAD0598B28EC8D10004F4962 /* UserListViewController.swift */,
				DBE888D229B2B7E900E5B6F9 /* UserListViewController+Action.swift */,
			);
			path = UserListViewController;
			sourceTree = "<group>";
		};
		E92924442A30A39E00049820 /* MemberListViewController */ = {
			isa = PBXGroup;
			children = (
				E92924462A30A3E700049820 /* MemberListViewController.swift */,
				E92924502A30A48400049820 /* MemberListViewController+Action.swift */,
			);
			name = MemberListViewController;
			path = "MemberLİstViewController";
			sourceTree = "<group>";
		};
		E92924452A30A3AD00049820 /* MemberDetailViewController */ = {
			isa = PBXGroup;
			children = (
				E929244A2A30A42300049820 /* MemberViewController.swift */,
				E929244C2A30A43800049820 /* MemberViewController+Row.swift */,
			);
			path = MemberDetailViewController;
			sourceTree = "<group>";
		};
		E94E1FEF29CB4C7500C58B18 /* Controller */ = {
			isa = PBXGroup;
			children = (
				220F0B6D2A39A93A004E214C /* Settings */,
				220F0B542A389404004E214C /* Profile */,
				E92924452A30A3AD00049820 /* MemberDetailViewController */,
				E92924442A30A39E00049820 /* MemberListViewController */,
				22BF6E1C2A2B1FAC00D766E2 /* UserAbilityListViewControllers */,
				22262B272A2793D900B7DBCF /* CompanyDetailViewController */,
				22262B262A2793C600B7DBCF /* CompanyListViewController */,
				DB3111C9299653FE0058A3A9 /* UserListViewController */,
				DB3111C6299649D90058A3A9 /* UserDetailViewController */,
				E94E1FEB29CB3EC400C58B18 /* Register.swift */,
				E94E1FE329C8B40100C58B18 /* Login.swift */,
				DBE888CF29B2B68700E5B6F9 /* UserFilterViewController.swift */,
				22BF6E1A2A2A9CAE00D766E2 /* TabBarViewController.swift */,
				2210F4BB2A30878300492B41 /* CompanyFilterViewController.swift */,
				E92924522A30D9F000049820 /* MemberFilterViewController.swift */,
				E92924542A31F2C900049820 /* ProfileViewController.swift */,
				22097A7F2A3BBB1C0007EC10 /* ForgotPasswordViewController.swift */,
				2211F7252A4244B20047103F /* CreateExperiencePage.swift */,
			);
			path = Controller;
			sourceTree = "<group>";
		};
		E94E1FF129CB4CC200C58B18 /* View */ = {
			isa = PBXGroup;
			children = (
				E94E1FE729CA011100C58B18 /* CustomButton.swift */,
				E94E1FE529C9F9B500C58B18 /* CustomTextField.swift */,
				E94E1FE929CA0A1200C58B18 /* AuthHeaderView.swift */,
				22097A8E2A3C6C9C0007EC10 /* LinkedInButton.swift */,
			);
			path = View;
			sourceTree = "<group>";
		};
/* End PBXGroup section */

/* Begin PBXNativeTarget section */
		AAD0598328EC8D10004F4962 /* Today */ = {
			isa = PBXNativeTarget;
			buildConfigurationList = AAD059AE28EC8D12004F4962 /* Build configuration list for PBXNativeTarget "Today" */;
			buildPhases = (
				AAD0598028EC8D10004F4962 /* Sources */,
				AAD0598128EC8D10004F4962 /* Frameworks */,
				AAD0598228EC8D10004F4962 /* Resources */,
			);
			buildRules = (
			);
			dependencies = (
			);
			name = Today;
			productName = Today;
			productReference = AAD0598428EC8D10004F4962 /* Today.app */;
			productType = "com.apple.product-type.application";
		};
/* End PBXNativeTarget section */

/* Begin PBXProject section */
		AAD0597C28EC8D10004F4962 /* Project object */ = {
			isa = PBXProject;
			attributes = {
				BuildIndependentTargetsInParallel = 1;
				LastSwiftUpdateCheck = 1410;
				LastUpgradeCheck = 1410;
				TargetAttributes = {
					AAD0598328EC8D10004F4962 = {
						CreatedOnToolsVersion = 14.1;
					};
				};
			};
			buildConfigurationList = AAD0597F28EC8D10004F4962 /* Build configuration list for PBXProject "Today" */;
			compatibilityVersion = "Xcode 14.0";
			developmentRegion = en;
			hasScannedForEncodings = 0;
			knownRegions = (
				en,
				Base,
			);
			mainGroup = AAD0597B28EC8D10004F4962;
			productRefGroup = AAD0598528EC8D10004F4962 /* Products */;
			projectDirPath = "";
			projectRoot = "";
			targets = (
				AAD0598328EC8D10004F4962 /* Today */,
			);
		};
/* End PBXProject section */

/* Begin PBXResourcesBuildPhase section */
		AAD0598228EC8D10004F4962 /* Resources */ = {
			isa = PBXResourcesBuildPhase;
			buildActionMask = 2147483647;
			files = (
				AAD0599428EC8D12004F4962 /* LaunchScreen.storyboard in Resources */,
				AAD0599128EC8D12004F4962 /* Assets.xcassets in Resources */,
				AAD0598F28EC8D10004F4962 /* Main.storyboard in Resources */,
				AAD059C128EC9770004F4962 /* SampleCode.xcconfig in Resources */,
			);
			runOnlyForDeploymentPostprocessing = 0;
		};
/* End PBXResourcesBuildPhase section */

/* Begin PBXSourcesBuildPhase section */
		AAD0598028EC8D10004F4962 /* Sources */ = {
			isa = PBXSourcesBuildPhase;
			buildActionMask = 2147483647;
			files = (
				E92924572A31FDF100049820 /* CompanyViewController+Row.swift in Sources */,
				220F0B622A390BFE004E214C /* FollowedMemberViewController.swift in Sources */,
				22097A852A3C6A690007EC10 /* LinkedInEmailModel.swift in Sources */,
				220F0B762A39A996004E214C /* UpdatePasswordViewController.swift in Sources */,
				E94E1FE629C9F9B500C58B18 /* CustomTextField.swift in Sources */,
				22097A872A3C6A880007EC10 /* LinkedInProfileModel.swift in Sources */,
				E94E1FEC29CB3EC400C58B18 /* Register.swift in Sources */,
				22097A892A3C6AB30007EC10 /* Extensions.swift in Sources */,
				AAD0598C28EC8D10004F4962 /* UserListViewController.swift in Sources */,
				22BF6E1E2A2B1FE100D766E2 /* SkillListViewController.swift in Sources */,
				22EF2BD92A2BE2170078CE12 /* ExperienceListViewController.swift in Sources */,
				22EF2BDD2A2BE23A0078CE12 /* CourseListViewController.swift in Sources */,
				DB3111C5299649D20058A3A9 /* UserViewController.swift in Sources */,
				22BF6E1B2A2A9CAE00D766E2 /* TabBarViewController.swift in Sources */,
				22BF6E192A2A199200D766E2 /* Member.swift in Sources */,
				22097A8F2A3C6C9C0007EC10 /* LinkedInButton.swift in Sources */,
				2211F7222A41C3350047103F /* ConnectAccountResponse.swift in Sources */,
				220F0B722A39A97A004E214C /* UpdateUsernameViewController.swift in Sources */,
				E94E1FE429C8B40100C58B18 /* Login.swift in Sources */,
				2211F7282A425C830047103F /* ResponseModel.swift in Sources */,
				E929244D2A30A43800049820 /* MemberViewController+Row.swift in Sources */,
				22EF2BDB2A2BE2250078CE12 /* EducationListViewController.swift in Sources */,
				E92924512A30A48400049820 /* MemberListViewController+Action.swift in Sources */,
				220F0B662A390C21004E214C /* FollowingCompanyViewController.swift in Sources */,
				E92924532A30D9F000049820 /* MemberFilterViewController.swift in Sources */,
				22973E472A34B1BE00BBFB5F /* Favourite.swift in Sources */,
				22758A882A20EC000028DD17 /* APIRequest.swift in Sources */,
				E94E1FEA29CA0A1200C58B18 /* AuthHeaderView.swift in Sources */,
				DB3111CD2996AC810058A3A9 /* Extension.swift in Sources */,
				220F0B5A2A389474004E214C /* FollowingCompaniesListViewController.swift in Sources */,
				220F0B602A38A49C004E214C /* FollowedMembersListViewController.swift in Sources */,
				22097A822A3BC01A0007EC10 /* UpdatePasswordandUsernameResponse.swift in Sources */,
				220F0B642A390C0C004E214C /* FollowingMemberViewController.swift in Sources */,
				22097A8D2A3C6C820007EC10 /* LinkedInConstants.swift in Sources */,
				DBCECF9F29B37399009373FE /* CompanyViewController.swift in Sources */,
				DBE888D029B2B68700E5B6F9 /* UserFilterViewController.swift in Sources */,
				DB3111C8299652990058A3A9 /* UserViewController+Row.swift in Sources */,
				220F0B5C2A389904004E214C /* FollowingUsersListViewController.swift in Sources */,
				E929244B2A30A42300049820 /* MemberViewController.swift in Sources */,
				220F0B6C2A3926DB004E214C /* SettingsViewController.swift in Sources */,
				E92924472A30A3E700049820 /* MemberListViewController.swift in Sources */,
				220F0B5E2A389B95004E214C /* FollowingMembersListViewController.swift in Sources */,
				220F0B682A390C36004E214C /* FollowingUserViewController.swift in Sources */,
				E92924552A31F2C900049820 /* ProfileViewController.swift in Sources */,
				221D6EEF2A4577E200A205B2 /* CompanyExperienceCountResponseModel.swift in Sources */,
				DBE888D329B2B7E900E5B6F9 /* UserListViewController+Action.swift in Sources */,
				AAD0598828EC8D10004F4962 /* AppDelegate.swift in Sources */,
				DB27A821299BCB91004219B3 /* Skill.swift in Sources */,
				2210F4BC2A30878300492B41 /* CompanyFilterViewController.swift in Sources */,
				22262B1F2A27481600B7DBCF /* SubExperience.swift in Sources */,
				22262B2B2A27943800B7DBCF /* CompanyListViewController+Action.swift in Sources */,
				22262B212A27491300B7DBCF /* Education.swift in Sources */,
				22262B292A2793F500B7DBCF /* CompanyListViewController.swift in Sources */,
				22262B1C2A27423700B7DBCF /* Experience.swift in Sources */,
				22262B2D2A27947000B7DBCF /* Company.swift in Sources */,
				22262B232A27491F00B7DBCF /* Course.swift in Sources */,
				AAD0598A28EC8D10004F4962 /* SceneDelegate.swift in Sources */,
				22EF2BDF2A2BE2460078CE12 /* LanguageListViewController.swift in Sources */,
				AAD059C428ECC017004F4962 /* User.swift in Sources */,
				22097A802A3BBB1C0007EC10 /* ForgotPasswordViewController.swift in Sources */,
				2211F7262A4244B20047103F /* CreateExperiencePage.swift in Sources */,
				22262B252A276D4200B7DBCF /* Language.swift in Sources */,
				E94E1FF429CB4D8F00C58B18 /* WebViewerController.swift in Sources */,
				E94E1FE829CA011100C58B18 /* CustomButton.swift in Sources */,
			);
			runOnlyForDeploymentPostprocessing = 0;
		};
/* End PBXSourcesBuildPhase section */

/* Begin PBXVariantGroup section */
		AAD0598D28EC8D10004F4962 /* Main.storyboard */ = {
			isa = PBXVariantGroup;
			children = (
				AAD0598E28EC8D10004F4962 /* Base */,
			);
			name = Main.storyboard;
			sourceTree = "<group>";
		};
		AAD0599228EC8D12004F4962 /* LaunchScreen.storyboard */ = {
			isa = PBXVariantGroup;
			children = (
				AAD0599328EC8D12004F4962 /* Base */,
			);
			name = LaunchScreen.storyboard;
			sourceTree = "<group>";
		};
/* End PBXVariantGroup section */

/* Begin XCBuildConfiguration section */
		AAD059AC28EC8D12004F4962 /* Debug */ = {
			isa = XCBuildConfiguration;
			baseConfigurationReference = AAD059C028EC9768004F4962 /* SampleCode.xcconfig */;
			buildSettings = {
				ALWAYS_SEARCH_USER_PATHS = NO;
				CLANG_ANALYZER_NONNULL = YES;
				CLANG_ANALYZER_NUMBER_OBJECT_CONVERSION = YES_AGGRESSIVE;
				CLANG_CXX_LANGUAGE_STANDARD = "gnu++20";
				CLANG_ENABLE_MODULES = YES;
				CLANG_ENABLE_OBJC_ARC = YES;
				CLANG_ENABLE_OBJC_WEAK = YES;
				CLANG_WARN_BLOCK_CAPTURE_AUTORELEASING = YES;
				CLANG_WARN_BOOL_CONVERSION = YES;
				CLANG_WARN_COMMA = YES;
				CLANG_WARN_CONSTANT_CONVERSION = YES;
				CLANG_WARN_DEPRECATED_OBJC_IMPLEMENTATIONS = YES;
				CLANG_WARN_DIRECT_OBJC_ISA_USAGE = YES_ERROR;
				CLANG_WARN_DOCUMENTATION_COMMENTS = YES;
				CLANG_WARN_EMPTY_BODY = YES;
				CLANG_WARN_ENUM_CONVERSION = YES;
				CLANG_WARN_INFINITE_RECURSION = YES;
				CLANG_WARN_INT_CONVERSION = YES;
				CLANG_WARN_NON_LITERAL_NULL_CONVERSION = YES;
				CLANG_WARN_OBJC_IMPLICIT_RETAIN_SELF = YES;
				CLANG_WARN_OBJC_LITERAL_CONVERSION = YES;
				CLANG_WARN_OBJC_ROOT_CLASS = YES_ERROR;
				CLANG_WARN_QUOTED_INCLUDE_IN_FRAMEWORK_HEADER = YES;
				CLANG_WARN_RANGE_LOOP_ANALYSIS = YES;
				CLANG_WARN_STRICT_PROTOTYPES = YES;
				CLANG_WARN_SUSPICIOUS_MOVE = YES;
				CLANG_WARN_UNGUARDED_AVAILABILITY = YES_AGGRESSIVE;
				CLANG_WARN_UNREACHABLE_CODE = YES;
				CLANG_WARN__DUPLICATE_METHOD_MATCH = YES;
				COPY_PHASE_STRIP = NO;
				DEBUG_INFORMATION_FORMAT = dwarf;
				ENABLE_STRICT_OBJC_MSGSEND = YES;
				ENABLE_TESTABILITY = YES;
				GCC_C_LANGUAGE_STANDARD = gnu11;
				GCC_DYNAMIC_NO_PIC = NO;
				GCC_NO_COMMON_BLOCKS = YES;
				GCC_OPTIMIZATION_LEVEL = 0;
				GCC_PREPROCESSOR_DEFINITIONS = (
					"DEBUG=1",
					"$(inherited)",
				);
				GCC_WARN_64_TO_32_BIT_CONVERSION = YES;
				GCC_WARN_ABOUT_RETURN_TYPE = YES_ERROR;
				GCC_WARN_UNDECLARED_SELECTOR = YES;
				GCC_WARN_UNINITIALIZED_AUTOS = YES_AGGRESSIVE;
				GCC_WARN_UNUSED_FUNCTION = YES;
				GCC_WARN_UNUSED_VARIABLE = YES;
				IPHONEOS_DEPLOYMENT_TARGET = 15.6;
				MTL_ENABLE_DEBUG_INFO = INCLUDE_SOURCE;
				MTL_FAST_MATH = YES;
				ONLY_ACTIVE_ARCH = YES;
				SDKROOT = iphoneos;
				SWIFT_ACTIVE_COMPILATION_CONDITIONS = DEBUG;
				SWIFT_OPTIMIZATION_LEVEL = "-Onone";
			};
			name = Debug;
		};
		AAD059AD28EC8D12004F4962 /* Release */ = {
			isa = XCBuildConfiguration;
			baseConfigurationReference = AAD059C028EC9768004F4962 /* SampleCode.xcconfig */;
			buildSettings = {
				ALWAYS_SEARCH_USER_PATHS = NO;
				CLANG_ANALYZER_NONNULL = YES;
				CLANG_ANALYZER_NUMBER_OBJECT_CONVERSION = YES_AGGRESSIVE;
				CLANG_CXX_LANGUAGE_STANDARD = "gnu++20";
				CLANG_ENABLE_MODULES = YES;
				CLANG_ENABLE_OBJC_ARC = YES;
				CLANG_ENABLE_OBJC_WEAK = YES;
				CLANG_WARN_BLOCK_CAPTURE_AUTORELEASING = YES;
				CLANG_WARN_BOOL_CONVERSION = YES;
				CLANG_WARN_COMMA = YES;
				CLANG_WARN_CONSTANT_CONVERSION = YES;
				CLANG_WARN_DEPRECATED_OBJC_IMPLEMENTATIONS = YES;
				CLANG_WARN_DIRECT_OBJC_ISA_USAGE = YES_ERROR;
				CLANG_WARN_DOCUMENTATION_COMMENTS = YES;
				CLANG_WARN_EMPTY_BODY = YES;
				CLANG_WARN_ENUM_CONVERSION = YES;
				CLANG_WARN_INFINITE_RECURSION = YES;
				CLANG_WARN_INT_CONVERSION = YES;
				CLANG_WARN_NON_LITERAL_NULL_CONVERSION = YES;
				CLANG_WARN_OBJC_IMPLICIT_RETAIN_SELF = YES;
				CLANG_WARN_OBJC_LITERAL_CONVERSION = YES;
				CLANG_WARN_OBJC_ROOT_CLASS = YES_ERROR;
				CLANG_WARN_QUOTED_INCLUDE_IN_FRAMEWORK_HEADER = YES;
				CLANG_WARN_RANGE_LOOP_ANALYSIS = YES;
				CLANG_WARN_STRICT_PROTOTYPES = YES;
				CLANG_WARN_SUSPICIOUS_MOVE = YES;
				CLANG_WARN_UNGUARDED_AVAILABILITY = YES_AGGRESSIVE;
				CLANG_WARN_UNREACHABLE_CODE = YES;
				CLANG_WARN__DUPLICATE_METHOD_MATCH = YES;
				COPY_PHASE_STRIP = NO;
				DEBUG_INFORMATION_FORMAT = "dwarf-with-dsym";
				ENABLE_NS_ASSERTIONS = NO;
				ENABLE_STRICT_OBJC_MSGSEND = YES;
				GCC_C_LANGUAGE_STANDARD = gnu11;
				GCC_NO_COMMON_BLOCKS = YES;
				GCC_WARN_64_TO_32_BIT_CONVERSION = YES;
				GCC_WARN_ABOUT_RETURN_TYPE = YES_ERROR;
				GCC_WARN_UNDECLARED_SELECTOR = YES;
				GCC_WARN_UNINITIALIZED_AUTOS = YES_AGGRESSIVE;
				GCC_WARN_UNUSED_FUNCTION = YES;
				GCC_WARN_UNUSED_VARIABLE = YES;
				IPHONEOS_DEPLOYMENT_TARGET = 15.6;
				MTL_ENABLE_DEBUG_INFO = NO;
				MTL_FAST_MATH = YES;
				SDKROOT = iphoneos;
				SWIFT_COMPILATION_MODE = wholemodule;
				SWIFT_OPTIMIZATION_LEVEL = "-O";
				VALIDATE_PRODUCT = YES;
			};
			name = Release;
		};
		AAD059AF28EC8D12004F4962 /* Debug */ = {
			isa = XCBuildConfiguration;
			baseConfigurationReference = AAD059C028EC9768004F4962 /* SampleCode.xcconfig */;
			buildSettings = {
				ASSETCATALOG_COMPILER_APPICON_NAME = AppIcon;
				ASSETCATALOG_COMPILER_GLOBAL_ACCENT_COLOR_NAME = AccentColor;
				CODE_SIGN_STYLE = Automatic;
				CURRENT_PROJECT_VERSION = 1;
				GENERATE_INFOPLIST_FILE = YES;
				INFOPLIST_FILE = Today/Info.plist;
				INFOPLIST_KEY_UIApplicationSupportsIndirectInputEvents = YES;
				INFOPLIST_KEY_UILaunchStoryboardName = LaunchScreen;
				INFOPLIST_KEY_UIMainStoryboardFile = Main;
				INFOPLIST_KEY_UISupportedInterfaceOrientations_iPad = "UIInterfaceOrientationPortrait UIInterfaceOrientationPortraitUpsideDown UIInterfaceOrientationLandscapeLeft UIInterfaceOrientationLandscapeRight";
				INFOPLIST_KEY_UISupportedInterfaceOrientations_iPhone = "UIInterfaceOrientationPortrait UIInterfaceOrientationLandscapeLeft UIInterfaceOrientationLandscapeRight";
				LD_RUNPATH_SEARCH_PATHS = (
					"$(inherited)",
					"@executable_path/Frameworks",
				);
				MARKETING_VERSION = 1.0;
				PRODUCT_BUNDLE_IDENTIFIER = "com.example.apple-samplecode.Today";
				PRODUCT_NAME = "$(TARGET_NAME)";
				SWIFT_EMIT_LOC_STRINGS = YES;
				SWIFT_VERSION = 5.0;
				TARGETED_DEVICE_FAMILY = "1,2";
			};
			name = Debug;
		};
		AAD059B028EC8D12004F4962 /* Release */ = {
			isa = XCBuildConfiguration;
			baseConfigurationReference = AAD059C028EC9768004F4962 /* SampleCode.xcconfig */;
			buildSettings = {
				ASSETCATALOG_COMPILER_APPICON_NAME = AppIcon;
				ASSETCATALOG_COMPILER_GLOBAL_ACCENT_COLOR_NAME = AccentColor;
				CODE_SIGN_STYLE = Automatic;
				CURRENT_PROJECT_VERSION = 1;
				GENERATE_INFOPLIST_FILE = YES;
				INFOPLIST_FILE = Today/Info.plist;
				INFOPLIST_KEY_UIApplicationSupportsIndirectInputEvents = YES;
				INFOPLIST_KEY_UILaunchStoryboardName = LaunchScreen;
				INFOPLIST_KEY_UIMainStoryboardFile = Main;
				INFOPLIST_KEY_UISupportedInterfaceOrientations_iPad = "UIInterfaceOrientationPortrait UIInterfaceOrientationPortraitUpsideDown UIInterfaceOrientationLandscapeLeft UIInterfaceOrientationLandscapeRight";
				INFOPLIST_KEY_UISupportedInterfaceOrientations_iPhone = "UIInterfaceOrientationPortrait UIInterfaceOrientationLandscapeLeft UIInterfaceOrientationLandscapeRight";
				LD_RUNPATH_SEARCH_PATHS = (
					"$(inherited)",
					"@executable_path/Frameworks",
				);
				MARKETING_VERSION = 1.0;
				PRODUCT_BUNDLE_IDENTIFIER = "com.example.apple-samplecode.Today";
				PRODUCT_NAME = "$(TARGET_NAME)";
				SWIFT_EMIT_LOC_STRINGS = YES;
				SWIFT_VERSION = 5.0;
				TARGETED_DEVICE_FAMILY = "1,2";
			};
			name = Release;
		};
/* End XCBuildConfiguration section */

/* Begin XCConfigurationList section */
		AAD0597F28EC8D10004F4962 /* Build configuration list for PBXProject "Today" */ = {
			isa = XCConfigurationList;
			buildConfigurations = (
				AAD059AC28EC8D12004F4962 /* Debug */,
				AAD059AD28EC8D12004F4962 /* Release */,
			);
			defaultConfigurationIsVisible = 0;
			defaultConfigurationName = Release;
		};
		AAD059AE28EC8D12004F4962 /* Build configuration list for PBXNativeTarget "Today" */ = {
			isa = XCConfigurationList;
			buildConfigurations = (
				AAD059AF28EC8D12004F4962 /* Debug */,
				AAD059B028EC8D12004F4962 /* Release */,
			);
			defaultConfigurationIsVisible = 0;
			defaultConfigurationName = Release;
		};
/* End XCConfigurationList section */
	};
	rootObject = AAD0597C28EC8D10004F4962 /* Project object */;
}
