// !$*UTF8*$!
{
	archiveVersion = 1;
	classes = {
	};
	objectVersion = 56;
	objects = {

/* Begin PBXBuildFile section */
		22262B1C2A27423700B7DBCF /* Experience.swift in Sources */ = {isa = PBXBuildFile; fileRef = 22262B1B2A27423700B7DBCF /* Experience.swift */; };
		22262B1F2A27481600B7DBCF /* SubExperience.swift in Sources */ = {isa = PBXBuildFile; fileRef = 22262B1E2A27481600B7DBCF /* SubExperience.swift */; };
		22262B212A27491300B7DBCF /* Education.swift in Sources */ = {isa = PBXBuildFile; fileRef = 22262B202A27491300B7DBCF /* Education.swift */; };
		22262B232A27491F00B7DBCF /* Course.swift in Sources */ = {isa = PBXBuildFile; fileRef = 22262B222A27491F00B7DBCF /* Course.swift */; };
		22262B252A276D4200B7DBCF /* Language.swift in Sources */ = {isa = PBXBuildFile; fileRef = 22262B242A276D4200B7DBCF /* Language.swift */; };
		22758A882A20EC000028DD17 /* APIRequest.swift in Sources */ = {isa = PBXBuildFile; fileRef = 22758A872A20EC000028DD17 /* APIRequest.swift */; };
		AAD0598828EC8D10004F4962 /* AppDelegate.swift in Sources */ = {isa = PBXBuildFile; fileRef = AAD0598728EC8D10004F4962 /* AppDelegate.swift */; };
		AAD0598A28EC8D10004F4962 /* SceneDelegate.swift in Sources */ = {isa = PBXBuildFile; fileRef = AAD0598928EC8D10004F4962 /* SceneDelegate.swift */; };
		AAD0598C28EC8D10004F4962 /* UserListViewController.swift in Sources */ = {isa = PBXBuildFile; fileRef = AAD0598B28EC8D10004F4962 /* UserListViewController.swift */; };
		AAD0598F28EC8D10004F4962 /* Main.storyboard in Resources */ = {isa = PBXBuildFile; fileRef = AAD0598D28EC8D10004F4962 /* Main.storyboard */; };
		AAD0599128EC8D12004F4962 /* Assets.xcassets in Resources */ = {isa = PBXBuildFile; fileRef = AAD0599028EC8D12004F4962 /* Assets.xcassets */; };
		AAD0599428EC8D12004F4962 /* LaunchScreen.storyboard in Resources */ = {isa = PBXBuildFile; fileRef = AAD0599228EC8D12004F4962 /* LaunchScreen.storyboard */; };
		AAD059C128EC9770004F4962 /* SampleCode.xcconfig in Resources */ = {isa = PBXBuildFile; fileRef = AAD059C028EC9768004F4962 /* SampleCode.xcconfig */; };
		AAD059C428ECC017004F4962 /* User.swift in Sources */ = {isa = PBXBuildFile; fileRef = AAD059C328ECC017004F4962 /* User.swift */; };
		DB27A821299BCB91004219B3 /* Skill.swift in Sources */ = {isa = PBXBuildFile; fileRef = DB27A820299BCB91004219B3 /* Skill.swift */; };
		DB3111C5299649D20058A3A9 /* UserViewController.swift in Sources */ = {isa = PBXBuildFile; fileRef = DB3111C4299649D20058A3A9 /* UserViewController.swift */; };
		DB3111C8299652990058A3A9 /* UserViewController+Row.swift in Sources */ = {isa = PBXBuildFile; fileRef = DB3111C7299652990058A3A9 /* UserViewController+Row.swift */; };
		DB3111CD2996AC810058A3A9 /* Extension.swift in Sources */ = {isa = PBXBuildFile; fileRef = DB3111CC2996AC810058A3A9 /* Extension.swift */; };
		DBCECF9D29B37311009373FE /* TabBarController.swift in Sources */ = {isa = PBXBuildFile; fileRef = DBCECF9C29B37311009373FE /* TabBarController.swift */; };
		DBCECF9F29B37399009373FE /* BookmarkViewController.swift in Sources */ = {isa = PBXBuildFile; fileRef = DBCECF9E29B37399009373FE /* BookmarkViewController.swift */; };
		DBE888D029B2B68700E5B6F9 /* FilterViewController.swift in Sources */ = {isa = PBXBuildFile; fileRef = DBE888CF29B2B68700E5B6F9 /* FilterViewController.swift */; };
		DBE888D329B2B7E900E5B6F9 /* UserListViewController+Action.swift in Sources */ = {isa = PBXBuildFile; fileRef = DBE888D229B2B7E900E5B6F9 /* UserListViewController+Action.swift */; };
		E94E1FE429C8B40100C58B18 /* Login.swift in Sources */ = {isa = PBXBuildFile; fileRef = E94E1FE329C8B40100C58B18 /* Login.swift */; };
		E94E1FE629C9F9B500C58B18 /* CustomTextField.swift in Sources */ = {isa = PBXBuildFile; fileRef = E94E1FE529C9F9B500C58B18 /* CustomTextField.swift */; };
		E94E1FE829CA011100C58B18 /* CustomButton.swift in Sources */ = {isa = PBXBuildFile; fileRef = E94E1FE729CA011100C58B18 /* CustomButton.swift */; };
		E94E1FEA29CA0A1200C58B18 /* AuthHeaderView.swift in Sources */ = {isa = PBXBuildFile; fileRef = E94E1FE929CA0A1200C58B18 /* AuthHeaderView.swift */; };
		E94E1FEC29CB3EC400C58B18 /* Register.swift in Sources */ = {isa = PBXBuildFile; fileRef = E94E1FEB29CB3EC400C58B18 /* Register.swift */; };
		E94E1FF429CB4D8F00C58B18 /* WebViewerController.swift in Sources */ = {isa = PBXBuildFile; fileRef = E94E1FF329CB4D1300C58B18 /* WebViewerController.swift */; };
/* End PBXBuildFile section */

/* Begin PBXFileReference section */
		22262B1B2A27423700B7DBCF /* Experience.swift */ = {isa = PBXFileReference; lastKnownFileType = sourcecode.swift; path = Experience.swift; sourceTree = "<group>"; };
		22262B1E2A27481600B7DBCF /* SubExperience.swift */ = {isa = PBXFileReference; lastKnownFileType = sourcecode.swift; path = SubExperience.swift; sourceTree = "<group>"; };
		22262B202A27491300B7DBCF /* Education.swift */ = {isa = PBXFileReference; lastKnownFileType = sourcecode.swift; path = Education.swift; sourceTree = "<group>"; };
		22262B222A27491F00B7DBCF /* Course.swift */ = {isa = PBXFileReference; lastKnownFileType = sourcecode.swift; path = Course.swift; sourceTree = "<group>"; };
		22262B242A276D4200B7DBCF /* Language.swift */ = {isa = PBXFileReference; lastKnownFileType = sourcecode.swift; path = Language.swift; sourceTree = "<group>"; };
		22758A872A20EC000028DD17 /* APIRequest.swift */ = {isa = PBXFileReference; lastKnownFileType = sourcecode.swift; path = APIRequest.swift; sourceTree = "<group>"; };
		AAD0598428EC8D10004F4962 /* Today.app */ = {isa = PBXFileReference; explicitFileType = wrapper.application; includeInIndex = 0; path = Today.app; sourceTree = BUILT_PRODUCTS_DIR; };
		AAD0598728EC8D10004F4962 /* AppDelegate.swift */ = {isa = PBXFileReference; lastKnownFileType = sourcecode.swift; path = AppDelegate.swift; sourceTree = "<group>"; };
		AAD0598928EC8D10004F4962 /* SceneDelegate.swift */ = {isa = PBXFileReference; lastKnownFileType = sourcecode.swift; path = SceneDelegate.swift; sourceTree = "<group>"; };
		AAD0598B28EC8D10004F4962 /* UserListViewController.swift */ = {isa = PBXFileReference; lastKnownFileType = sourcecode.swift; path = UserListViewController.swift; sourceTree = "<group>"; };
		AAD0598E28EC8D10004F4962 /* Base */ = {isa = PBXFileReference; lastKnownFileType = file.storyboard; name = Base; path = Base.lproj/Main.storyboard; sourceTree = "<group>"; };
		AAD0599028EC8D12004F4962 /* Assets.xcassets */ = {isa = PBXFileReference; lastKnownFileType = folder.assetcatalog; path = Assets.xcassets; sourceTree = "<group>"; };
		AAD0599328EC8D12004F4962 /* Base */ = {isa = PBXFileReference; lastKnownFileType = file.storyboard; name = Base; path = Base.lproj/LaunchScreen.storyboard; sourceTree = "<group>"; };
		AAD0599528EC8D12004F4962 /* Info.plist */ = {isa = PBXFileReference; lastKnownFileType = text.plist.xml; path = Info.plist; sourceTree = "<group>"; };
		AAD059B728EC8F0F004F4962 /* README.md */ = {isa = PBXFileReference; lastKnownFileType = net.daringfireball.markdown; path = README.md; sourceTree = "<group>"; };
		AAD059B828EC91FD004F4962 /* LICENSE */ = {isa = PBXFileReference; lastKnownFileType = folder; path = LICENSE; sourceTree = "<group>"; };
		AAD059C028EC9768004F4962 /* SampleCode.xcconfig */ = {isa = PBXFileReference; lastKnownFileType = text.xcconfig; path = SampleCode.xcconfig; sourceTree = "<group>"; };
		AAD059C328ECC017004F4962 /* User.swift */ = {isa = PBXFileReference; lastKnownFileType = sourcecode.swift; path = User.swift; sourceTree = "<group>"; };
		DB27A820299BCB91004219B3 /* Skill.swift */ = {isa = PBXFileReference; lastKnownFileType = sourcecode.swift; path = Skill.swift; sourceTree = "<group>"; };
		DB3111C4299649D20058A3A9 /* UserViewController.swift */ = {isa = PBXFileReference; lastKnownFileType = sourcecode.swift; path = UserViewController.swift; sourceTree = "<group>"; };
		DB3111C7299652990058A3A9 /* UserViewController+Row.swift */ = {isa = PBXFileReference; lastKnownFileType = sourcecode.swift; path = "UserViewController+Row.swift"; sourceTree = "<group>"; };
		DB3111CC2996AC810058A3A9 /* Extension.swift */ = {isa = PBXFileReference; lastKnownFileType = sourcecode.swift; path = Extension.swift; sourceTree = "<group>"; };
		DBCECF9C29B37311009373FE /* TabBarController.swift */ = {isa = PBXFileReference; lastKnownFileType = sourcecode.swift; path = TabBarController.swift; sourceTree = "<group>"; };
		DBCECF9E29B37399009373FE /* BookmarkViewController.swift */ = {isa = PBXFileReference; lastKnownFileType = sourcecode.swift; path = BookmarkViewController.swift; sourceTree = "<group>"; };
		DBE888CF29B2B68700E5B6F9 /* FilterViewController.swift */ = {isa = PBXFileReference; lastKnownFileType = sourcecode.swift; path = FilterViewController.swift; sourceTree = "<group>"; };
		DBE888D229B2B7E900E5B6F9 /* UserListViewController+Action.swift */ = {isa = PBXFileReference; lastKnownFileType = sourcecode.swift; path = "UserListViewController+Action.swift"; sourceTree = "<group>"; };
		DBF3340829B658270028CC73 /* todo.md */ = {isa = PBXFileReference; lastKnownFileType = net.daringfireball.markdown; path = todo.md; sourceTree = "<group>"; };
		E94E1FE329C8B40100C58B18 /* Login.swift */ = {isa = PBXFileReference; lastKnownFileType = sourcecode.swift; path = Login.swift; sourceTree = "<group>"; };
		E94E1FE529C9F9B500C58B18 /* CustomTextField.swift */ = {isa = PBXFileReference; lastKnownFileType = sourcecode.swift; path = CustomTextField.swift; sourceTree = "<group>"; };
		E94E1FE729CA011100C58B18 /* CustomButton.swift */ = {isa = PBXFileReference; lastKnownFileType = sourcecode.swift; path = CustomButton.swift; sourceTree = "<group>"; };
		E94E1FE929CA0A1200C58B18 /* AuthHeaderView.swift */ = {isa = PBXFileReference; lastKnownFileType = sourcecode.swift; path = AuthHeaderView.swift; sourceTree = "<group>"; };
		E94E1FEB29CB3EC400C58B18 /* Register.swift */ = {isa = PBXFileReference; lastKnownFileType = sourcecode.swift; path = Register.swift; sourceTree = "<group>"; };
		E94E1FF329CB4D1300C58B18 /* WebViewerController.swift */ = {isa = PBXFileReference; lastKnownFileType = sourcecode.swift; path = WebViewerController.swift; sourceTree = "<group>"; };
/* End PBXFileReference section */

/* Begin PBXFrameworksBuildPhase section */
		AAD0598128EC8D10004F4962 /* Frameworks */ = {
			isa = PBXFrameworksBuildPhase;
			buildActionMask = 2147483647;
			files = (
			);
			runOnlyForDeploymentPostprocessing = 0;
		};
/* End PBXFrameworksBuildPhase section */

/* Begin PBXGroup section */
		22758A862A20EBCF0028DD17 /* Helper */ = {
			isa = PBXGroup;
			children = (
				22758A872A20EC000028DD17 /* APIRequest.swift */,
			);
			path = Helper;
			sourceTree = "<group>";
		};
		AAD0597B28EC8D10004F4962 = {
			isa = PBXGroup;
			children = (
				AAD059B728EC8F0F004F4962 /* README.md */,
				AAD0598628EC8D10004F4962 /* Today */,
				AAD059BF28EC9768004F4962 /* Configuration */,
				AAD059B828EC91FD004F4962 /* LICENSE */,
				AAD0598528EC8D10004F4962 /* Products */,
			);
			sourceTree = "<group>";
		};
		AAD0598528EC8D10004F4962 /* Products */ = {
			isa = PBXGroup;
			children = (
				AAD0598428EC8D10004F4962 /* Today.app */,
			);
			name = Products;
			sourceTree = "<group>";
		};
		AAD0598628EC8D10004F4962 /* Today */ = {
			isa = PBXGroup;
			children = (
				E94E1FEF29CB4C7500C58B18 /* Controller */,
				AAD059C228ECBFAA004F4962 /* Model */,
				E94E1FF129CB4CC200C58B18 /* View */,
				22758A862A20EBCF0028DD17 /* Helper */,
				AAD0598728EC8D10004F4962 /* AppDelegate.swift */,
				DB3111CC2996AC810058A3A9 /* Extension.swift */,
				AAD0598928EC8D10004F4962 /* SceneDelegate.swift */,
				E94E1FF329CB4D1300C58B18 /* WebViewerController.swift */,
				AAD0598D28EC8D10004F4962 /* Main.storyboard */,
				AAD0599228EC8D12004F4962 /* LaunchScreen.storyboard */,
				AAD0599028EC8D12004F4962 /* Assets.xcassets */,
				AAD0599528EC8D12004F4962 /* Info.plist */,
				DBF3340829B658270028CC73 /* todo.md */,
			);
			path = Today;
			sourceTree = "<group>";
		};
		AAD059BF28EC9768004F4962 /* Configuration */ = {
			isa = PBXGroup;
			children = (
				AAD059C028EC9768004F4962 /* SampleCode.xcconfig */,
			);
			path = Configuration;
			sourceTree = "<group>";
		};
		AAD059C228ECBFAA004F4962 /* Model */ = {
			isa = PBXGroup;
			children = (
				AAD059C328ECC017004F4962 /* User.swift */,
				DB27A820299BCB91004219B3 /* Skill.swift */,
				22262B1B2A27423700B7DBCF /* Experience.swift */,
				22262B1E2A27481600B7DBCF /* SubExperience.swift */,
				22262B202A27491300B7DBCF /* Education.swift */,
				22262B222A27491F00B7DBCF /* Course.swift */,
				22262B242A276D4200B7DBCF /* Language.swift */,
			);
			path = Model;
			sourceTree = "<group>";
		};
		DB3111C6299649D90058A3A9 /* DetailViewController */ = {
			isa = PBXGroup;
			children = (
				DB3111C4299649D20058A3A9 /* UserViewController.swift */,
				DB3111C7299652990058A3A9 /* UserViewController+Row.swift */,
			);
			path = DetailViewController;
			sourceTree = "<group>";
		};
		DB3111C9299653FE0058A3A9 /* ListViewController */ = {
			isa = PBXGroup;
			children = (
				AAD0598B28EC8D10004F4962 /* UserListViewController.swift */,
				DBE888D229B2B7E900E5B6F9 /* UserListViewController+Action.swift */,
			);
			path = ListViewController;
			sourceTree = "<group>";
		};
		E94E1FEF29CB4C7500C58B18 /* Controller */ = {
			isa = PBXGroup;
			children = (
				DB3111C9299653FE0058A3A9 /* ListViewController */,
				DB3111C6299649D90058A3A9 /* DetailViewController */,
				E94E1FEB29CB3EC400C58B18 /* Register.swift */,
				E94E1FE329C8B40100C58B18 /* Login.swift */,
				DBE888CF29B2B68700E5B6F9 /* FilterViewController.swift */,
				DBCECF9E29B37399009373FE /* BookmarkViewController.swift */,
				DBCECF9C29B37311009373FE /* TabBarController.swift */,
			);
			path = Controller;
			sourceTree = "<group>";
		};
		E94E1FF129CB4CC200C58B18 /* View */ = {
			isa = PBXGroup;
			children = (
				E94E1FE729CA011100C58B18 /* CustomButton.swift */,
				E94E1FE529C9F9B500C58B18 /* CustomTextField.swift */,
				E94E1FE929CA0A1200C58B18 /* AuthHeaderView.swift */,
			);
			path = View;
			sourceTree = "<group>";
		};
/* End PBXGroup section */

/* Begin PBXNativeTarget section */
		AAD0598328EC8D10004F4962 /* Today */ = {
			isa = PBXNativeTarget;
			buildConfigurationList = AAD059AE28EC8D12004F4962 /* Build configuration list for PBXNativeTarget "Today" */;
			buildPhases = (
				AAD0598028EC8D10004F4962 /* Sources */,
				AAD0598128EC8D10004F4962 /* Frameworks */,
				AAD0598228EC8D10004F4962 /* Resources */,
			);
			buildRules = (
			);
			dependencies = (
			);
			name = Today;
			productName = Today;
			productReference = AAD0598428EC8D10004F4962 /* Today.app */;
			productType = "com.apple.product-type.application";
		};
/* End PBXNativeTarget section */

/* Begin PBXProject section */
		AAD0597C28EC8D10004F4962 /* Project object */ = {
			isa = PBXProject;
			attributes = {
				BuildIndependentTargetsInParallel = 1;
				LastSwiftUpdateCheck = 1410;
				LastUpgradeCheck = 1410;
				TargetAttributes = {
					AAD0598328EC8D10004F4962 = {
						CreatedOnToolsVersion = 14.1;
					};
				};
			};
			buildConfigurationList = AAD0597F28EC8D10004F4962 /* Build configuration list for PBXProject "Today" */;
			compatibilityVersion = "Xcode 14.0";
			developmentRegion = en;
			hasScannedForEncodings = 0;
			knownRegions = (
				en,
				Base,
			);
			mainGroup = AAD0597B28EC8D10004F4962;
			productRefGroup = AAD0598528EC8D10004F4962 /* Products */;
			projectDirPath = "";
			projectRoot = "";
			targets = (
				AAD0598328EC8D10004F4962 /* Today */,
			);
		};
/* End PBXProject section */

/* Begin PBXResourcesBuildPhase section */
		AAD0598228EC8D10004F4962 /* Resources */ = {
			isa = PBXResourcesBuildPhase;
			buildActionMask = 2147483647;
			files = (
				AAD0599428EC8D12004F4962 /* LaunchScreen.storyboard in Resources */,
				AAD0599128EC8D12004F4962 /* Assets.xcassets in Resources */,
				AAD0598F28EC8D10004F4962 /* Main.storyboard in Resources */,
				AAD059C128EC9770004F4962 /* SampleCode.xcconfig in Resources */,
			);
			runOnlyForDeploymentPostprocessing = 0;
		};
/* End PBXResourcesBuildPhase section */

/* Begin PBXSourcesBuildPhase section */
		AAD0598028EC8D10004F4962 /* Sources */ = {
			isa = PBXSourcesBuildPhase;
			buildActionMask = 2147483647;
			files = (
				E94E1FE629C9F9B500C58B18 /* CustomTextField.swift in Sources */,
				E94E1FEC29CB3EC400C58B18 /* Register.swift in Sources */,
				AAD0598C28EC8D10004F4962 /* UserListViewController.swift in Sources */,
				DB3111C5299649D20058A3A9 /* UserViewController.swift in Sources */,
				E94E1FE429C8B40100C58B18 /* Login.swift in Sources */,
				DBCECF9D29B37311009373FE /* TabBarController.swift in Sources */,
				22758A882A20EC000028DD17 /* APIRequest.swift in Sources */,
				E94E1FEA29CA0A1200C58B18 /* AuthHeaderView.swift in Sources */,
				DB3111CD2996AC810058A3A9 /* Extension.swift in Sources */,
				DBCECF9F29B37399009373FE /* BookmarkViewController.swift in Sources */,
				DBE888D029B2B68700E5B6F9 /* FilterViewController.swift in Sources */,
				DB3111C8299652990058A3A9 /* UserViewController+Row.swift in Sources */,
				DBE888D329B2B7E900E5B6F9 /* UserListViewController+Action.swift in Sources */,
				AAD0598828EC8D10004F4962 /* AppDelegate.swift in Sources */,
				DB27A821299BCB91004219B3 /* Skill.swift in Sources */,
				22262B1F2A27481600B7DBCF /* SubExperience.swift in Sources */,
				22262B212A27491300B7DBCF /* Education.swift in Sources */,
				22262B1C2A27423700B7DBCF /* Experience.swift in Sources */,
				22262B232A27491F00B7DBCF /* Course.swift in Sources */,
				AAD0598A28EC8D10004F4962 /* SceneDelegate.swift in Sources */,
				AAD059C428ECC017004F4962 /* User.swift in Sources */,
				22262B252A276D4200B7DBCF /* Language.swift in Sources */,
				E94E1FF429CB4D8F00C58B18 /* WebViewerController.swift in Sources */,
				E94E1FE829CA011100C58B18 /* CustomButton.swift in Sources */,
			);
			runOnlyForDeploymentPostprocessing = 0;
		};
/* End PBXSourcesBuildPhase section */

/* Begin PBXVariantGroup section */
		AAD0598D28EC8D10004F4962 /* Main.storyboard */ = {
			isa = PBXVariantGroup;
			children = (
				AAD0598E28EC8D10004F4962 /* Base */,
			);
			name = Main.storyboard;
			sourceTree = "<group>";
		};
		AAD0599228EC8D12004F4962 /* LaunchScreen.storyboard */ = {
			isa = PBXVariantGroup;
			children = (
				AAD0599328EC8D12004F4962 /* Base */,
			);
			name = LaunchScreen.storyboard;
			sourceTree = "<group>";
		};
/* End PBXVariantGroup section */

/* Begin XCBuildConfiguration section */
		AAD059AC28EC8D12004F4962 /* Debug */ = {
			isa = XCBuildConfiguration;
			baseConfigurationReference = AAD059C028EC9768004F4962 /* SampleCode.xcconfig */;
			buildSettings = {
				ALWAYS_SEARCH_USER_PATHS = NO;
				CLANG_ANALYZER_NONNULL = YES;
				CLANG_ANALYZER_NUMBER_OBJECT_CONVERSION = YES_AGGRESSIVE;
				CLANG_CXX_LANGUAGE_STANDARD = "gnu++20";
				CLANG_ENABLE_MODULES = YES;
				CLANG_ENABLE_OBJC_ARC = YES;
				CLANG_ENABLE_OBJC_WEAK = YES;
				CLANG_WARN_BLOCK_CAPTURE_AUTORELEASING = YES;
				CLANG_WARN_BOOL_CONVERSION = YES;
				CLANG_WARN_COMMA = YES;
				CLANG_WARN_CONSTANT_CONVERSION = YES;
				CLANG_WARN_DEPRECATED_OBJC_IMPLEMENTATIONS = YES;
				CLANG_WARN_DIRECT_OBJC_ISA_USAGE = YES_ERROR;
				CLANG_WARN_DOCUMENTATION_COMMENTS = YES;
				CLANG_WARN_EMPTY_BODY = YES;
				CLANG_WARN_ENUM_CONVERSION = YES;
				CLANG_WARN_INFINITE_RECURSION = YES;
				CLANG_WARN_INT_CONVERSION = YES;
				CLANG_WARN_NON_LITERAL_NULL_CONVERSION = YES;
				CLANG_WARN_OBJC_IMPLICIT_RETAIN_SELF = YES;
				CLANG_WARN_OBJC_LITERAL_CONVERSION = YES;
				CLANG_WARN_OBJC_ROOT_CLASS = YES_ERROR;
				CLANG_WARN_QUOTED_INCLUDE_IN_FRAMEWORK_HEADER = YES;
				CLANG_WARN_RANGE_LOOP_ANALYSIS = YES;
				CLANG_WARN_STRICT_PROTOTYPES = YES;
				CLANG_WARN_SUSPICIOUS_MOVE = YES;
				CLANG_WARN_UNGUARDED_AVAILABILITY = YES_AGGRESSIVE;
				CLANG_WARN_UNREACHABLE_CODE = YES;
				CLANG_WARN__DUPLICATE_METHOD_MATCH = YES;
				COPY_PHASE_STRIP = NO;
				DEBUG_INFORMATION_FORMAT = dwarf;
				ENABLE_STRICT_OBJC_MSGSEND = YES;
				ENABLE_TESTABILITY = YES;
				GCC_C_LANGUAGE_STANDARD = gnu11;
				GCC_DYNAMIC_NO_PIC = NO;
				GCC_NO_COMMON_BLOCKS = YES;
				GCC_OPTIMIZATION_LEVEL = 0;
				GCC_PREPROCESSOR_DEFINITIONS = (
					"DEBUG=1",
					"$(inherited)",
				);
				GCC_WARN_64_TO_32_BIT_CONVERSION = YES;
				GCC_WARN_ABOUT_RETURN_TYPE = YES_ERROR;
				GCC_WARN_UNDECLARED_SELECTOR = YES;
				GCC_WARN_UNINITIALIZED_AUTOS = YES_AGGRESSIVE;
				GCC_WARN_UNUSED_FUNCTION = YES;
				GCC_WARN_UNUSED_VARIABLE = YES;
				IPHONEOS_DEPLOYMENT_TARGET = 15.6;
				MTL_ENABLE_DEBUG_INFO = INCLUDE_SOURCE;
				MTL_FAST_MATH = YES;
				ONLY_ACTIVE_ARCH = YES;
				SDKROOT = iphoneos;
				SWIFT_ACTIVE_COMPILATION_CONDITIONS = DEBUG;
				SWIFT_OPTIMIZATION_LEVEL = "-Onone";
			};
			name = Debug;
		};
		AAD059AD28EC8D12004F4962 /* Release */ = {
			isa = XCBuildConfiguration;
			baseConfigurationReference = AAD059C028EC9768004F4962 /* SampleCode.xcconfig */;
			buildSettings = {
				ALWAYS_SEARCH_USER_PATHS = NO;
				CLANG_ANALYZER_NONNULL = YES;
				CLANG_ANALYZER_NUMBER_OBJECT_CONVERSION = YES_AGGRESSIVE;
				CLANG_CXX_LANGUAGE_STANDARD = "gnu++20";
				CLANG_ENABLE_MODULES = YES;
				CLANG_ENABLE_OBJC_ARC = YES;
				CLANG_ENABLE_OBJC_WEAK = YES;
				CLANG_WARN_BLOCK_CAPTURE_AUTORELEASING = YES;
				CLANG_WARN_BOOL_CONVERSION = YES;
				CLANG_WARN_COMMA = YES;
				CLANG_WARN_CONSTANT_CONVERSION = YES;
				CLANG_WARN_DEPRECATED_OBJC_IMPLEMENTATIONS = YES;
				CLANG_WARN_DIRECT_OBJC_ISA_USAGE = YES_ERROR;
				CLANG_WARN_DOCUMENTATION_COMMENTS = YES;
				CLANG_WARN_EMPTY_BODY = YES;
				CLANG_WARN_ENUM_CONVERSION = YES;
				CLANG_WARN_INFINITE_RECURSION = YES;
				CLANG_WARN_INT_CONVERSION = YES;
				CLANG_WARN_NON_LITERAL_NULL_CONVERSION = YES;
				CLANG_WARN_OBJC_IMPLICIT_RETAIN_SELF = YES;
				CLANG_WARN_OBJC_LITERAL_CONVERSION = YES;
				CLANG_WARN_OBJC_ROOT_CLASS = YES_ERROR;
				CLANG_WARN_QUOTED_INCLUDE_IN_FRAMEWORK_HEADER = YES;
				CLANG_WARN_RANGE_LOOP_ANALYSIS = YES;
				CLANG_WARN_STRICT_PROTOTYPES = YES;
				CLANG_WARN_SUSPICIOUS_MOVE = YES;
				CLANG_WARN_UNGUARDED_AVAILABILITY = YES_AGGRESSIVE;
				CLANG_WARN_UNREACHABLE_CODE = YES;
				CLANG_WARN__DUPLICATE_METHOD_MATCH = YES;
				COPY_PHASE_STRIP = NO;
				DEBUG_INFORMATION_FORMAT = "dwarf-with-dsym";
				ENABLE_NS_ASSERTIONS = NO;
				ENABLE_STRICT_OBJC_MSGSEND = YES;
				GCC_C_LANGUAGE_STANDARD = gnu11;
				GCC_NO_COMMON_BLOCKS = YES;
				GCC_WARN_64_TO_32_BIT_CONVERSION = YES;
				GCC_WARN_ABOUT_RETURN_TYPE = YES_ERROR;
				GCC_WARN_UNDECLARED_SELECTOR = YES;
				GCC_WARN_UNINITIALIZED_AUTOS = YES_AGGRESSIVE;
				GCC_WARN_UNUSED_FUNCTION = YES;
				GCC_WARN_UNUSED_VARIABLE = YES;
				IPHONEOS_DEPLOYMENT_TARGET = 15.6;
				MTL_ENABLE_DEBUG_INFO = NO;
				MTL_FAST_MATH = YES;
				SDKROOT = iphoneos;
				SWIFT_COMPILATION_MODE = wholemodule;
				SWIFT_OPTIMIZATION_LEVEL = "-O";
				VALIDATE_PRODUCT = YES;
			};
			name = Release;
		};
		AAD059AF28EC8D12004F4962 /* Debug */ = {
			isa = XCBuildConfiguration;
			baseConfigurationReference = AAD059C028EC9768004F4962 /* SampleCode.xcconfig */;
			buildSettings = {
				ASSETCATALOG_COMPILER_APPICON_NAME = AppIcon;
				ASSETCATALOG_COMPILER_GLOBAL_ACCENT_COLOR_NAME = AccentColor;
				CODE_SIGN_STYLE = Automatic;
				CURRENT_PROJECT_VERSION = 1;
				GENERATE_INFOPLIST_FILE = YES;
				INFOPLIST_FILE = Today/Info.plist;
				INFOPLIST_KEY_UIApplicationSupportsIndirectInputEvents = YES;
				INFOPLIST_KEY_UILaunchStoryboardName = LaunchScreen;
				INFOPLIST_KEY_UIMainStoryboardFile = Main;
				INFOPLIST_KEY_UISupportedInterfaceOrientations_iPad = "UIInterfaceOrientationPortrait UIInterfaceOrientationPortraitUpsideDown UIInterfaceOrientationLandscapeLeft UIInterfaceOrientationLandscapeRight";
				INFOPLIST_KEY_UISupportedInterfaceOrientations_iPhone = "UIInterfaceOrientationPortrait UIInterfaceOrientationLandscapeLeft UIInterfaceOrientationLandscapeRight";
				LD_RUNPATH_SEARCH_PATHS = (
					"$(inherited)",
					"@executable_path/Frameworks",
				);
				MARKETING_VERSION = 1.0;
				PRODUCT_BUNDLE_IDENTIFIER = "com.example.apple-samplecode.Today";
				PRODUCT_NAME = "$(TARGET_NAME)";
				SWIFT_EMIT_LOC_STRINGS = YES;
				SWIFT_VERSION = 5.0;
				TARGETED_DEVICE_FAMILY = "1,2";
			};
			name = Debug;
		};
		AAD059B028EC8D12004F4962 /* Release */ = {
			isa = XCBuildConfiguration;
			baseConfigurationReference = AAD059C028EC9768004F4962 /* SampleCode.xcconfig */;
			buildSettings = {
				ASSETCATALOG_COMPILER_APPICON_NAME = AppIcon;
				ASSETCATALOG_COMPILER_GLOBAL_ACCENT_COLOR_NAME = AccentColor;
				CODE_SIGN_STYLE = Automatic;
				CURRENT_PROJECT_VERSION = 1;
				GENERATE_INFOPLIST_FILE = YES;
				INFOPLIST_FILE = Today/Info.plist;
				INFOPLIST_KEY_UIApplicationSupportsIndirectInputEvents = YES;
				INFOPLIST_KEY_UILaunchStoryboardName = LaunchScreen;
				INFOPLIST_KEY_UIMainStoryboardFile = Main;
				INFOPLIST_KEY_UISupportedInterfaceOrientations_iPad = "UIInterfaceOrientationPortrait UIInterfaceOrientationPortraitUpsideDown UIInterfaceOrientationLandscapeLeft UIInterfaceOrientationLandscapeRight";
				INFOPLIST_KEY_UISupportedInterfaceOrientations_iPhone = "UIInterfaceOrientationPortrait UIInterfaceOrientationLandscapeLeft UIInterfaceOrientationLandscapeRight";
				LD_RUNPATH_SEARCH_PATHS = (
					"$(inherited)",
					"@executable_path/Frameworks",
				);
				MARKETING_VERSION = 1.0;
				PRODUCT_BUNDLE_IDENTIFIER = "com.example.apple-samplecode.Today";
				PRODUCT_NAME = "$(TARGET_NAME)";
				SWIFT_EMIT_LOC_STRINGS = YES;
				SWIFT_VERSION = 5.0;
				TARGETED_DEVICE_FAMILY = "1,2";
			};
			name = Release;
		};
/* End XCBuildConfiguration section */

/* Begin XCConfigurationList section */
		AAD0597F28EC8D10004F4962 /* Build configuration list for PBXProject "Today" */ = {
			isa = XCConfigurationList;
			buildConfigurations = (
				AAD059AC28EC8D12004F4962 /* Debug */,
				AAD059AD28EC8D12004F4962 /* Release */,
			);
			defaultConfigurationIsVisible = 0;
			defaultConfigurationName = Release;
		};
		AAD059AE28EC8D12004F4962 /* Build configuration list for PBXNativeTarget "Today" */ = {
			isa = XCConfigurationList;
			buildConfigurations = (
				AAD059AF28EC8D12004F4962 /* Debug */,
				AAD059B028EC8D12004F4962 /* Release */,
			);
			defaultConfigurationIsVisible = 0;
			defaultConfigurationName = Release;
		};
/* End XCConfigurationList section */
	};
	rootObject = AAD0597C28EC8D10004F4962 /* Project object */;
}
